
Microsoft Visual Studio Solution File, Format Version 12.00
# Visual Studio Version 17
VisualStudioVersion = 17.5.002.0
MinimumVisualStudioVersion = 10.0.40219.1
Project("{9A19103F-16F7-4668-BE54-9A1E7A4F7556}") = "dummy-repo", "dummy-repo.csproj", "{A3E1DC62-FCD1-45E5-A514-9462177B702B}"
EndProject
Global
	GlobalSection(SolutionConfigurationPlatforms) = preSolution
		Debug|Any CPU = Debug|Any CPU
		Release|Any CPU = Release|Any CPU
	EndGlobalSection
	GlobalSection(ProjectConfigurationPlatforms) = postSolution
		{A3E1DC62-FCD1-45E5-A514-9462177B702B}.Debug|Any CPU.ActiveCfg = Debug|Any CPU
		{A3E1DC62-FCD1-45E5-A514-9462177B702B}.Debug|Any CPU.Build.0 = Debug|Any CPU
		{A3E1DC62-FCD1-45E5-A514-9462177B702B}.Release|Any CPU.ActiveCfg = Release|Any CPU
		{A3E1DC62-FCD1-45E5-A514-9462177B702B}.Release|Any CPU.Build.0 = Release|Any CPU
	EndGlobalSection
	GlobalSection(SolutionProperties) = preSolution
		HideSolutionNode = FALSE
	EndGlobalSection
	GlobalSection(ExtensibilityGlobals) = postSolution
		SolutionGuid = {C55B75E8-3E8B-44C8-9E9A-A871C92B428C}
	EndGlobalSection
EndGlobal
